
Microsoft Visual Studio Solution File, Format Version 12.00
# Visual Studio 2013
VisualStudioVersion = 12.0.31101.0
MinimumVisualStudioVersion = 10.0.40219.1
Project("{FAE04EC0-301F-11D3-BF4B-00C04F79EFBC}") = "Test.ServerConsole", "ServerConsole\Test.ServerConsole.csproj", "{7440F256-26D6-4755-B39F-901B8063935C}"
	ProjectSection(ProjectDependencies) = postProject
		{C8632312-2D6E-4C77-9178-F627135130BB} = {C8632312-2D6E-4C77-9178-F627135130BB}
		{A5792C5D-9006-456B-9E9A-79644BA17060} = {A5792C5D-9006-456B-9E9A-79644BA17060}
	EndProjectSection
EndProject
Project("{FAE04EC0-301F-11D3-BF4B-00C04F79EFBC}") = "Test.DeviceConsole", "DeviceConsole\Test.DeviceConsole.csproj", "{672AD22A-AC72-449F-BEDE-18D625C110E3}"
	ProjectSection(ProjectDependencies) = postProject
		{0FC23514-74FE-4107-831F-F57D557BBC2F} = {0FC23514-74FE-4107-831F-F57D557BBC2F}
		{9A68EFD0-24A4-4DF3-86DE-EE35F9E2F778} = {9A68EFD0-24A4-4DF3-86DE-EE35F9E2F778}
	EndProjectSection
EndProject
Project("{FAE04EC0-301F-11D3-BF4B-00C04F79EFBC}") = "Core.Server", "CoreServer\Core.Server.csproj", "{A5792C5D-9006-456B-9E9A-79644BA17060}"
	ProjectSection(ProjectDependencies) = postProject
		{C8632312-2D6E-4C77-9178-F627135130BB} = {C8632312-2D6E-4C77-9178-F627135130BB}
	EndProjectSection
EndProject
Project("{FAE04EC0-301F-11D3-BF4B-00C04F79EFBC}") = "Core.Client", "CoreClient\Core.Client.csproj", "{0FC23514-74FE-4107-831F-F57D557BBC2F}"
	ProjectSection(ProjectDependencies) = postProject
		{C8632312-2D6E-4C77-9178-F627135130BB} = {C8632312-2D6E-4C77-9178-F627135130BB}
	EndProjectSection
EndProject
Project("{FAE04EC0-301F-11D3-BF4B-00C04F79EFBC}") = "Core.Models", "Models\Core.Models.csproj", "{C8632312-2D6E-4C77-9178-F627135130BB}"
EndProject
Project("{FAE04EC0-301F-11D3-BF4B-00C04F79EFBC}") = "Demo.WindowsPhoneController", "WindowsPhoneController\Demo.WindowsPhoneController.csproj", "{67D85C85-4E7B-40A2-9BA1-41379C1A2B0D}"
	ProjectSection(ProjectDependencies) = postProject
		{9A68EFD0-24A4-4DF3-86DE-EE35F9E2F778} = {9A68EFD0-24A4-4DF3-86DE-EE35F9E2F778}
	EndProjectSection
EndProject
Project("{FAE04EC0-301F-11D3-BF4B-00C04F79EFBC}") = "Demo.NetduinoPlus", "NetduinoPlus\Demo.NetduinoPlus.csproj", "{37B0D3FB-AD32-4106-928D-7B6AE5D57252}"
EndProject
Project("{FAE04EC0-301F-11D3-BF4B-00C04F79EFBC}") = "Core.Helpers", "Helpers\Core.Helpers.csproj", "{C5749F33-7C79-4991-B43F-7A83B234CD5A}"
EndProject
Project("{FAE04EC0-301F-11D3-BF4B-00C04F79EFBC}") = "Core.WPClient", "WPClient\Core.WPClient.csproj", "{DB83A69A-1454-43A8-AE66-109C8916E06A}"
EndProject
Project("{FAE04EC0-301F-11D3-BF4B-00C04F79EFBC}") = "Core.PortableModels", "PortableModels\Core.PortableModels.csproj", "{4537023C-8102-4A8D-9DE6-A5636936E6B1}"
EndProject
Project("{FAE04EC0-301F-11D3-BF4B-00C04F79EFBC}") = "Test.RemoteConsole", "RemoteConsole\Test.RemoteConsole.csproj", "{DCE2BA86-45BD-4C19-B054-172E8430B424}"
	ProjectSection(ProjectDependencies) = postProject
		{9A68EFD0-24A4-4DF3-86DE-EE35F9E2F778} = {9A68EFD0-24A4-4DF3-86DE-EE35F9E2F778}
	EndProjectSection
EndProject
Project("{FAE04EC0-301F-11D3-BF4B-00C04F79EFBC}") = "Demo.Pibrella", "Pibrella\Demo.Pibrella.csproj", "{057C9F2A-8F05-4024-A5A4-9FB96D28C6AF}"
	ProjectSection(ProjectDependencies) = postProject
		{0FC23514-74FE-4107-831F-F57D557BBC2F} = {0FC23514-74FE-4107-831F-F57D557BBC2F}
	EndProjectSection
EndProject
Project("{FAE04EC0-301F-11D3-BF4B-00C04F79EFBC}") = "Core.WcfServiceLibrary", "WcfServiceLibrary\Core.WcfServiceLibrary.csproj", "{EC54149F-6C1A-4017-AE26-F1E75164C46F}"
	ProjectSection(ProjectDependencies) = postProject
		{C8632312-2D6E-4C77-9178-F627135130BB} = {C8632312-2D6E-4C77-9178-F627135130BB}
	EndProjectSection
EndProject
Project("{FAE04EC0-301F-11D3-BF4B-00C04F79EFBC}") = "Demo.MvcApplication", "MvcApplication\Demo.MvcApplication.csproj", "{6659F566-475B-4327-A10A-149ED59A5CFE}"
EndProject
Project("{FAE04EC0-301F-11D3-BF4B-00C04F79EFBC}") = "Demo.Environment", "Environment\Demo.Environment.csproj", "{9A68EFD0-24A4-4DF3-86DE-EE35F9E2F778}"
EndProject
Project("{FAE04EC0-301F-11D3-BF4B-00C04F79EFBC}") = "Demo.WpfMonitor", "WpfMonitor\Demo.WpfMonitor.csproj", "{8DBA4513-68B1-4AB9-A444-CFE81A3FF343}"
EndProject
Project("{2150E333-8FDC-42A3-9474-1A3956D46DE8}") = "Solution Items", "Solution Items", "{58D8257F-71DB-40D6-81C9-F7965A791B97}"
	ProjectSection(SolutionItems) = preProject
		bsd.txt = bsd.txt
		Read Me.txt = Read Me.txt
	EndProjectSection
EndProject
Project("{FAE04EC0-301F-11D3-BF4B-00C04F79EFBC}") = "Core.Repository", "Repository\Core.Repository.csproj", "{497D9949-4F94-4806-9182-63D516CFB79C}"
EndProject
Project("{00D1A9C2-B5F0-4AF3-8072-F6C62B433612}") = "Core.T-SQL", "T-SQL\Core.T-SQL.sqlproj", "{D2845C2A-1DF8-4C6B-86C0-8BF9FB76718F}"
EndProject
Project("{FAE04EC0-301F-11D3-BF4B-00C04F79EFBC}") = "Demo.WpfServer", "WpfServer\Demo.WpfServer.csproj", "{BDE923F4-D3F3-4092-ADC9-6FB0D16FB9A8}"
EndProject
Project("{FAE04EC0-301F-11D3-BF4B-00C04F79EFBC}") = "Demo.Netduino3Wifi", "Netduino3Wifi\Demo.Netduino3Wifi.csproj", "{6796EE4B-5FA7-41C2-9DD3-AA3EEAF33DA3}"
	ProjectSection(ProjectDependencies) = postProject
		{E1917F46-584A-4BFC-AC94-97B88EECD4FD} = {E1917F46-584A-4BFC-AC94-97B88EECD4FD}
	EndProjectSection
EndProject
Project("{FAE04EC0-301F-11D3-BF4B-00C04F79EFBC}") = "Test.MFDeviceConsole", "MFDeviceConsole\Test.MFDeviceConsole.csproj", "{B2600067-910B-452A-B09B-06284A77E088}"
	ProjectSection(ProjectDependencies) = postProject
		{E1917F46-584A-4BFC-AC94-97B88EECD4FD} = {E1917F46-584A-4BFC-AC94-97B88EECD4FD}
	EndProjectSection
EndProject
Project("{FAE04EC0-301F-11D3-BF4B-00C04F79EFBC}") = "Core.MFClientShared", "MFClientShared\Core.MFClientShared.csproj", "{0A2596F0-A1B0-4B8C-892F-ACE22298EEF7}"
EndProject
Project("{FAE04EC0-301F-11D3-BF4B-00C04F79EFBC}") = "Core.MF43Client", "MF43Client\Core.MF43Client.csproj", "{E1917F46-584A-4BFC-AC94-97B88EECD4FD}"
EndProject
Project("{FAE04EC0-301F-11D3-BF4B-00C04F79EFBC}") = "Core.MF42Client", "MFClient\Core.MF42Client.csproj", "{D6949075-0DE7-4ADB-8968-C52A16AF3325}"
EndProject
Project("{FAE04EC0-301F-11D3-BF4B-00C04F79EFBC}") = "Core.AzureStorage", "AzureStorage\Core.AzureStorage.csproj", "{058D9126-C9C7-4CB2-B38A-5849F7BFC32D}"
EndProject
Project("{FAE04EC0-301F-11D3-BF4B-00C04F79EFBC}") = "Core.SqlStorage", "SqlStorage\Core.SqlStorage.csproj", "{AC8292CC-9B85-4C5B-B7DE-CC6B77A6EC8D}"
EndProject
Global
	GlobalSection(TeamFoundationVersionControl) = preSolution
		SccNumberOfProjects = 21
		SccEnterpriseProvider = {4CA58AB2-18FA-4F8D-95D4-32DDF27D184C}
		SccTeamFoundationServer = https://tfs.codeplex.com/tfs/tfs20
		SccProjectUniqueName0 = T-SQL\\Core.T-SQL.sqlproj
		SccProjectName0 = T-SQL
		SccAuxPath0 = https://tfs.codeplex.com/tfs/tfs20
		SccLocalPath0 = T-SQL
		SccProvider0 = {4CA58AB2-18FA-4F8D-95D4-32DDF27D184C}
		SccProjectUniqueName1 = NetduinoPlus\\Demo.NetduinoPlus.csproj
		SccProjectName1 = NetduinoPlus
		SccAuxPath1 = https://tfs.codeplex.com/tfs/tfs20
		SccLocalPath1 = NetduinoPlus
		SccProvider1 = {4CA58AB2-18FA-4F8D-95D4-32DDF27D184C}
		SccProjectUniqueName2 = Helpers\\Core.Helpers.csproj
		SccProjectName2 = Helpers
		SccAuxPath2 = https://tfs.codeplex.com/tfs/tfs20
		SccLocalPath2 = Helpers
		SccProvider2 = {4CA58AB2-18FA-4F8D-95D4-32DDF27D184C}
		SccProjectUniqueName3 = Models\\Core.Models.csproj
		SccProjectName3 = Models
		SccAuxPath3 = https://tfs.codeplex.com/tfs/tfs20
		SccLocalPath3 = Models
		SccProvider3 = {4CA58AB2-18FA-4F8D-95D4-32DDF27D184C}
		SccProjectUniqueName4 = Repository\\Core.Repository.csproj
		SccProjectName4 = Repository
		SccAuxPath4 = https://tfs.codeplex.com/tfs/tfs20
		SccLocalPath4 = Repository
		SccProvider4 = {4CA58AB2-18FA-4F8D-95D4-32DDF27D184C}
		SccProjectUniqueName5 = WcfServiceLibrary\\Core.WcfServiceLibrary.csproj
		SccProjectName5 = WcfServiceLibrary
		SccAuxPath5 = https://tfs.codeplex.com/tfs/tfs20
		SccLocalPath5 = WcfServiceLibrary
		SccProvider5 = {4CA58AB2-18FA-4F8D-95D4-32DDF27D184C}
		SccProjectUniqueName6 = MvcApplication\\Demo.MvcApplication.csproj
		SccProjectName6 = MvcApplication
		SccAuxPath6 = https://tfs.codeplex.com/tfs/tfs20
		SccLocalPath6 = MvcApplication
		SccProvider6 = {4CA58AB2-18FA-4F8D-95D4-32DDF27D184C}
		SccProjectUniqueName7 = CoreServer\\Core.Server.csproj
		SccProjectName7 = CoreServer
		SccAuxPath7 = https://tfs.codeplex.com/tfs/tfs20
		SccLocalPath7 = CoreServer
		SccProvider7 = {4CA58AB2-18FA-4F8D-95D4-32DDF27D184C}
		SccProjectUniqueName8 = Environment\\Demo.Environment.csproj
		SccProjectName8 = Environment
		SccAuxPath8 = https://tfs.codeplex.com/tfs/tfs20
		SccLocalPath8 = Environment
		SccProvider8 = {4CA58AB2-18FA-4F8D-95D4-32DDF27D184C}
		SccProjectUniqueName9 = ServerConsole\\Test.ServerConsole.csproj
		SccProjectName9 = ServerConsole
		SccAuxPath9 = https://tfs.codeplex.com/tfs/tfs20
		SccLocalPath9 = ServerConsole
		SccProvider9 = {4CA58AB2-18FA-4F8D-95D4-32DDF27D184C}
		SccProjectUniqueName10 = CoreClient\\Core.Client.csproj
		SccProjectName10 = CoreClient
		SccAuxPath10 = https://tfs.codeplex.com/tfs/tfs20
		SccLocalPath10 = CoreClient
		SccProvider10 = {4CA58AB2-18FA-4F8D-95D4-32DDF27D184C}
		SccProjectUniqueName11 = DeviceConsole\\Test.DeviceConsole.csproj
		SccProjectName11 = DeviceConsole
		SccAuxPath11 = https://tfs.codeplex.com/tfs/tfs20
		SccLocalPath11 = DeviceConsole
		SccProvider11 = {4CA58AB2-18FA-4F8D-95D4-32DDF27D184C}
		SccProjectUniqueName12 = PortableModels\\Core.PortableModels.csproj
		SccProjectName12 = PortableModels
		SccAuxPath12 = https://tfs.codeplex.com/tfs/tfs20
		SccLocalPath12 = PortableModels
		SccProvider12 = {4CA58AB2-18FA-4F8D-95D4-32DDF27D184C}
		SccProjectUniqueName13 = WPClient\\Core.WPClient.csproj
		SccProjectName13 = WPClient
		SccAuxPath13 = https://tfs.codeplex.com/tfs/tfs20
		SccLocalPath13 = WPClient
		SccProvider13 = {4CA58AB2-18FA-4F8D-95D4-32DDF27D184C}
		SccProjectUniqueName14 = WindowsPhoneController\\Demo.WindowsPhoneController.csproj
		SccProjectName14 = WindowsPhoneController
		SccAuxPath14 = https://tfs.codeplex.com/tfs/tfs20
		SccLocalPath14 = WindowsPhoneController
		SccProvider14 = {4CA58AB2-18FA-4F8D-95D4-32DDF27D184C}
		SccProjectUniqueName15 = RemoteConsole\\Test.RemoteConsole.csproj
		SccProjectName15 = RemoteConsole
		SccAuxPath15 = https://tfs.codeplex.com/tfs/tfs20
		SccLocalPath15 = RemoteConsole
		SccProvider15 = {4CA58AB2-18FA-4F8D-95D4-32DDF27D184C}
		SccProjectUniqueName16 = Pibrella\\Demo.Pibrella.csproj
		SccProjectName16 = Pibrella
		SccAuxPath16 = https://tfs.codeplex.com/tfs/tfs20
		SccLocalPath16 = Pibrella
		SccProvider16 = {4CA58AB2-18FA-4F8D-95D4-32DDF27D184C}
		SccProjectUniqueName17 = WpfMonitor\\Demo.WpfMonitor.csproj
		SccProjectName17 = WpfMonitor
		SccAuxPath17 = https://tfs.codeplex.com/tfs/tfs20
		SccLocalPath17 = WpfMonitor
		SccProvider17 = {4CA58AB2-18FA-4F8D-95D4-32DDF27D184C}
		SccProjectUniqueName18 = WpfServer\\Demo.WpfServer.csproj
		SccProjectName18 = WpfServer
		SccAuxPath18 = https://tfs.codeplex.com/tfs/tfs20
		SccLocalPath18 = WpfServer
		SccProvider18 = {4CA58AB2-18FA-4F8D-95D4-32DDF27D184C}
		SccProjectUniqueName19 = Netduino3Wifi\\Demo.Netduino3Wifi.csproj
		SccProjectName19 = Netduino3Wifi
		SccAuxPath19 = https://tfs.codeplex.com/tfs/tfs20
		SccLocalPath19 = Netduino3Wifi
		SccProvider19 = {4CA58AB2-18FA-4F8D-95D4-32DDF27D184C}
		SccProjectUniqueName20 = MFClient\\Core.MF42Client.csproj
		SccProjectName20 = MFClient
		SccAuxPath20 = https://tfs.codeplex.com/tfs/tfs20
		SccLocalPath20 = MFClient
		SccProvider20 = {4CA58AB2-18FA-4F8D-95D4-32DDF27D184C}
	EndGlobalSection
	GlobalSection(SolutionConfigurationPlatforms) = preSolution
		Debug|Any CPU = Debug|Any CPU
		Debug|ARM = Debug|ARM
		Debug|Mixed Platforms = Debug|Mixed Platforms
		Debug|x86 = Debug|x86
		Release|Any CPU = Release|Any CPU
		Release|ARM = Release|ARM
		Release|Mixed Platforms = Release|Mixed Platforms
		Release|x86 = Release|x86
	EndGlobalSection
	GlobalSection(ProjectConfigurationPlatforms) = postSolution
		{7440F256-26D6-4755-B39F-901B8063935C}.Debug|Any CPU.ActiveCfg = Debug|Any CPU
		{7440F256-26D6-4755-B39F-901B8063935C}.Debug|Any CPU.Build.0 = Debug|Any CPU
		{7440F256-26D6-4755-B39F-901B8063935C}.Debug|ARM.ActiveCfg = Debug|Any CPU
		{7440F256-26D6-4755-B39F-901B8063935C}.Debug|Mixed Platforms.ActiveCfg = Debug|Any CPU
		{7440F256-26D6-4755-B39F-901B8063935C}.Debug|Mixed Platforms.Build.0 = Debug|Any CPU
		{7440F256-26D6-4755-B39F-901B8063935C}.Debug|x86.ActiveCfg = Debug|Any CPU
		{7440F256-26D6-4755-B39F-901B8063935C}.Release|Any CPU.ActiveCfg = Release|Any CPU
		{7440F256-26D6-4755-B39F-901B8063935C}.Release|Any CPU.Build.0 = Release|Any CPU
		{7440F256-26D6-4755-B39F-901B8063935C}.Release|ARM.ActiveCfg = Release|Any CPU
		{7440F256-26D6-4755-B39F-901B8063935C}.Release|Mixed Platforms.ActiveCfg = Release|Any CPU
		{7440F256-26D6-4755-B39F-901B8063935C}.Release|Mixed Platforms.Build.0 = Release|Any CPU
		{7440F256-26D6-4755-B39F-901B8063935C}.Release|x86.ActiveCfg = Release|Any CPU
		{672AD22A-AC72-449F-BEDE-18D625C110E3}.Debug|Any CPU.ActiveCfg = Debug|Any CPU
		{672AD22A-AC72-449F-BEDE-18D625C110E3}.Debug|Any CPU.Build.0 = Debug|Any CPU
		{672AD22A-AC72-449F-BEDE-18D625C110E3}.Debug|ARM.ActiveCfg = Debug|Any CPU
		{672AD22A-AC72-449F-BEDE-18D625C110E3}.Debug|Mixed Platforms.ActiveCfg = Debug|Any CPU
		{672AD22A-AC72-449F-BEDE-18D625C110E3}.Debug|Mixed Platforms.Build.0 = Debug|Any CPU
		{672AD22A-AC72-449F-BEDE-18D625C110E3}.Debug|x86.ActiveCfg = Debug|Any CPU
		{672AD22A-AC72-449F-BEDE-18D625C110E3}.Release|Any CPU.ActiveCfg = Release|Any CPU
		{672AD22A-AC72-449F-BEDE-18D625C110E3}.Release|Any CPU.Build.0 = Release|Any CPU
		{672AD22A-AC72-449F-BEDE-18D625C110E3}.Release|ARM.ActiveCfg = Release|Any CPU
		{672AD22A-AC72-449F-BEDE-18D625C110E3}.Release|Mixed Platforms.ActiveCfg = Release|Any CPU
		{672AD22A-AC72-449F-BEDE-18D625C110E3}.Release|Mixed Platforms.Build.0 = Release|Any CPU
		{672AD22A-AC72-449F-BEDE-18D625C110E3}.Release|x86.ActiveCfg = Release|Any CPU
		{A5792C5D-9006-456B-9E9A-79644BA17060}.Debug|Any CPU.ActiveCfg = Debug|Any CPU
		{A5792C5D-9006-456B-9E9A-79644BA17060}.Debug|Any CPU.Build.0 = Debug|Any CPU
		{A5792C5D-9006-456B-9E9A-79644BA17060}.Debug|ARM.ActiveCfg = Debug|Any CPU
		{A5792C5D-9006-456B-9E9A-79644BA17060}.Debug|Mixed Platforms.ActiveCfg = Debug|Any CPU
		{A5792C5D-9006-456B-9E9A-79644BA17060}.Debug|Mixed Platforms.Build.0 = Debug|Any CPU
		{A5792C5D-9006-456B-9E9A-79644BA17060}.Debug|x86.ActiveCfg = Debug|Any CPU
		{A5792C5D-9006-456B-9E9A-79644BA17060}.Release|Any CPU.ActiveCfg = Release|Any CPU
		{A5792C5D-9006-456B-9E9A-79644BA17060}.Release|Any CPU.Build.0 = Release|Any CPU
		{A5792C5D-9006-456B-9E9A-79644BA17060}.Release|ARM.ActiveCfg = Release|Any CPU
		{A5792C5D-9006-456B-9E9A-79644BA17060}.Release|Mixed Platforms.ActiveCfg = Release|Any CPU
		{A5792C5D-9006-456B-9E9A-79644BA17060}.Release|Mixed Platforms.Build.0 = Release|Any CPU
		{A5792C5D-9006-456B-9E9A-79644BA17060}.Release|x86.ActiveCfg = Release|Any CPU
		{0FC23514-74FE-4107-831F-F57D557BBC2F}.Debug|Any CPU.ActiveCfg = Debug|Any CPU
		{0FC23514-74FE-4107-831F-F57D557BBC2F}.Debug|Any CPU.Build.0 = Debug|Any CPU
		{0FC23514-74FE-4107-831F-F57D557BBC2F}.Debug|ARM.ActiveCfg = Debug|Any CPU
		{0FC23514-74FE-4107-831F-F57D557BBC2F}.Debug|Mixed Platforms.ActiveCfg = Debug|Any CPU
		{0FC23514-74FE-4107-831F-F57D557BBC2F}.Debug|Mixed Platforms.Build.0 = Debug|Any CPU
		{0FC23514-74FE-4107-831F-F57D557BBC2F}.Debug|x86.ActiveCfg = Debug|Any CPU
		{0FC23514-74FE-4107-831F-F57D557BBC2F}.Release|Any CPU.ActiveCfg = Release|Any CPU
		{0FC23514-74FE-4107-831F-F57D557BBC2F}.Release|Any CPU.Build.0 = Release|Any CPU
		{0FC23514-74FE-4107-831F-F57D557BBC2F}.Release|ARM.ActiveCfg = Release|Any CPU
		{0FC23514-74FE-4107-831F-F57D557BBC2F}.Release|Mixed Platforms.ActiveCfg = Release|Any CPU
		{0FC23514-74FE-4107-831F-F57D557BBC2F}.Release|Mixed Platforms.Build.0 = Release|Any CPU
		{0FC23514-74FE-4107-831F-F57D557BBC2F}.Release|x86.ActiveCfg = Release|Any CPU
		{C8632312-2D6E-4C77-9178-F627135130BB}.Debug|Any CPU.ActiveCfg = Debug|Any CPU
		{C8632312-2D6E-4C77-9178-F627135130BB}.Debug|Any CPU.Build.0 = Debug|Any CPU
		{C8632312-2D6E-4C77-9178-F627135130BB}.Debug|ARM.ActiveCfg = Debug|Any CPU
		{C8632312-2D6E-4C77-9178-F627135130BB}.Debug|Mixed Platforms.ActiveCfg = Debug|Any CPU
		{C8632312-2D6E-4C77-9178-F627135130BB}.Debug|Mixed Platforms.Build.0 = Debug|Any CPU
		{C8632312-2D6E-4C77-9178-F627135130BB}.Debug|x86.ActiveCfg = Debug|Any CPU
		{C8632312-2D6E-4C77-9178-F627135130BB}.Release|Any CPU.ActiveCfg = Release|Any CPU
		{C8632312-2D6E-4C77-9178-F627135130BB}.Release|Any CPU.Build.0 = Release|Any CPU
		{C8632312-2D6E-4C77-9178-F627135130BB}.Release|ARM.ActiveCfg = Release|Any CPU
		{C8632312-2D6E-4C77-9178-F627135130BB}.Release|Mixed Platforms.ActiveCfg = Release|Any CPU
		{C8632312-2D6E-4C77-9178-F627135130BB}.Release|Mixed Platforms.Build.0 = Release|Any CPU
		{C8632312-2D6E-4C77-9178-F627135130BB}.Release|x86.ActiveCfg = Release|Any CPU
		{67D85C85-4E7B-40A2-9BA1-41379C1A2B0D}.Debug|Any CPU.ActiveCfg = Debug|Any CPU
		{67D85C85-4E7B-40A2-9BA1-41379C1A2B0D}.Debug|Any CPU.Build.0 = Debug|Any CPU
		{67D85C85-4E7B-40A2-9BA1-41379C1A2B0D}.Debug|Any CPU.Deploy.0 = Debug|Any CPU
		{67D85C85-4E7B-40A2-9BA1-41379C1A2B0D}.Debug|ARM.ActiveCfg = Debug|ARM
		{67D85C85-4E7B-40A2-9BA1-41379C1A2B0D}.Debug|ARM.Build.0 = Debug|ARM
		{67D85C85-4E7B-40A2-9BA1-41379C1A2B0D}.Debug|ARM.Deploy.0 = Debug|ARM
		{67D85C85-4E7B-40A2-9BA1-41379C1A2B0D}.Debug|Mixed Platforms.ActiveCfg = Debug|ARM
		{67D85C85-4E7B-40A2-9BA1-41379C1A2B0D}.Debug|Mixed Platforms.Build.0 = Debug|ARM
		{67D85C85-4E7B-40A2-9BA1-41379C1A2B0D}.Debug|Mixed Platforms.Deploy.0 = Debug|ARM
		{67D85C85-4E7B-40A2-9BA1-41379C1A2B0D}.Debug|x86.ActiveCfg = Debug|x86
		{67D85C85-4E7B-40A2-9BA1-41379C1A2B0D}.Debug|x86.Build.0 = Debug|x86
		{67D85C85-4E7B-40A2-9BA1-41379C1A2B0D}.Debug|x86.Deploy.0 = Debug|x86
		{67D85C85-4E7B-40A2-9BA1-41379C1A2B0D}.Release|Any CPU.ActiveCfg = Release|Any CPU
		{67D85C85-4E7B-40A2-9BA1-41379C1A2B0D}.Release|Any CPU.Build.0 = Release|Any CPU
		{67D85C85-4E7B-40A2-9BA1-41379C1A2B0D}.Release|Any CPU.Deploy.0 = Release|Any CPU
		{67D85C85-4E7B-40A2-9BA1-41379C1A2B0D}.Release|ARM.ActiveCfg = Release|ARM
		{67D85C85-4E7B-40A2-9BA1-41379C1A2B0D}.Release|ARM.Build.0 = Release|ARM
		{67D85C85-4E7B-40A2-9BA1-41379C1A2B0D}.Release|ARM.Deploy.0 = Release|ARM
		{67D85C85-4E7B-40A2-9BA1-41379C1A2B0D}.Release|Mixed Platforms.ActiveCfg = Release|ARM
		{67D85C85-4E7B-40A2-9BA1-41379C1A2B0D}.Release|Mixed Platforms.Build.0 = Release|ARM
		{67D85C85-4E7B-40A2-9BA1-41379C1A2B0D}.Release|Mixed Platforms.Deploy.0 = Release|ARM
		{67D85C85-4E7B-40A2-9BA1-41379C1A2B0D}.Release|x86.ActiveCfg = Release|x86
		{67D85C85-4E7B-40A2-9BA1-41379C1A2B0D}.Release|x86.Build.0 = Release|x86
		{67D85C85-4E7B-40A2-9BA1-41379C1A2B0D}.Release|x86.Deploy.0 = Release|x86
		{37B0D3FB-AD32-4106-928D-7B6AE5D57252}.Debug|Any CPU.ActiveCfg = Debug|Any CPU
		{37B0D3FB-AD32-4106-928D-7B6AE5D57252}.Debug|Any CPU.Build.0 = Debug|Any CPU
		{37B0D3FB-AD32-4106-928D-7B6AE5D57252}.Debug|Any CPU.Deploy.0 = Debug|Any CPU
		{37B0D3FB-AD32-4106-928D-7B6AE5D57252}.Debug|ARM.ActiveCfg = Debug|Any CPU
		{37B0D3FB-AD32-4106-928D-7B6AE5D57252}.Debug|Mixed Platforms.ActiveCfg = Debug|Any CPU
		{37B0D3FB-AD32-4106-928D-7B6AE5D57252}.Debug|Mixed Platforms.Build.0 = Debug|Any CPU
		{37B0D3FB-AD32-4106-928D-7B6AE5D57252}.Debug|Mixed Platforms.Deploy.0 = Debug|Any CPU
		{37B0D3FB-AD32-4106-928D-7B6AE5D57252}.Debug|x86.ActiveCfg = Debug|Any CPU
		{37B0D3FB-AD32-4106-928D-7B6AE5D57252}.Release|Any CPU.ActiveCfg = Release|Any CPU
		{37B0D3FB-AD32-4106-928D-7B6AE5D57252}.Release|Any CPU.Build.0 = Release|Any CPU
		{37B0D3FB-AD32-4106-928D-7B6AE5D57252}.Release|Any CPU.Deploy.0 = Release|Any CPU
		{37B0D3FB-AD32-4106-928D-7B6AE5D57252}.Release|ARM.ActiveCfg = Release|Any CPU
		{37B0D3FB-AD32-4106-928D-7B6AE5D57252}.Release|Mixed Platforms.ActiveCfg = Release|Any CPU
		{37B0D3FB-AD32-4106-928D-7B6AE5D57252}.Release|Mixed Platforms.Build.0 = Release|Any CPU
		{37B0D3FB-AD32-4106-928D-7B6AE5D57252}.Release|Mixed Platforms.Deploy.0 = Release|Any CPU
		{37B0D3FB-AD32-4106-928D-7B6AE5D57252}.Release|x86.ActiveCfg = Release|Any CPU
		{C5749F33-7C79-4991-B43F-7A83B234CD5A}.Debug|Any CPU.ActiveCfg = Debug|Any CPU
		{C5749F33-7C79-4991-B43F-7A83B234CD5A}.Debug|Any CPU.Build.0 = Debug|Any CPU
		{C5749F33-7C79-4991-B43F-7A83B234CD5A}.Debug|ARM.ActiveCfg = Debug|Any CPU
		{C5749F33-7C79-4991-B43F-7A83B234CD5A}.Debug|Mixed Platforms.ActiveCfg = Debug|Any CPU
		{C5749F33-7C79-4991-B43F-7A83B234CD5A}.Debug|Mixed Platforms.Build.0 = Debug|Any CPU
		{C5749F33-7C79-4991-B43F-7A83B234CD5A}.Debug|x86.ActiveCfg = Debug|Any CPU
		{C5749F33-7C79-4991-B43F-7A83B234CD5A}.Release|Any CPU.ActiveCfg = Release|Any CPU
		{C5749F33-7C79-4991-B43F-7A83B234CD5A}.Release|Any CPU.Build.0 = Release|Any CPU
		{C5749F33-7C79-4991-B43F-7A83B234CD5A}.Release|ARM.ActiveCfg = Release|Any CPU
		{C5749F33-7C79-4991-B43F-7A83B234CD5A}.Release|Mixed Platforms.ActiveCfg = Release|Any CPU
		{C5749F33-7C79-4991-B43F-7A83B234CD5A}.Release|Mixed Platforms.Build.0 = Release|Any CPU
		{C5749F33-7C79-4991-B43F-7A83B234CD5A}.Release|x86.ActiveCfg = Release|Any CPU
		{DB83A69A-1454-43A8-AE66-109C8916E06A}.Debug|Any CPU.ActiveCfg = Debug|Any CPU
		{DB83A69A-1454-43A8-AE66-109C8916E06A}.Debug|Any CPU.Build.0 = Debug|Any CPU
		{DB83A69A-1454-43A8-AE66-109C8916E06A}.Debug|ARM.ActiveCfg = Debug|ARM
		{DB83A69A-1454-43A8-AE66-109C8916E06A}.Debug|ARM.Build.0 = Debug|ARM
		{DB83A69A-1454-43A8-AE66-109C8916E06A}.Debug|Mixed Platforms.ActiveCfg = Debug|Any CPU
		{DB83A69A-1454-43A8-AE66-109C8916E06A}.Debug|Mixed Platforms.Build.0 = Debug|Any CPU
		{DB83A69A-1454-43A8-AE66-109C8916E06A}.Debug|x86.ActiveCfg = Debug|x86
		{DB83A69A-1454-43A8-AE66-109C8916E06A}.Debug|x86.Build.0 = Debug|x86
		{DB83A69A-1454-43A8-AE66-109C8916E06A}.Release|Any CPU.ActiveCfg = Release|Any CPU
		{DB83A69A-1454-43A8-AE66-109C8916E06A}.Release|Any CPU.Build.0 = Release|Any CPU
		{DB83A69A-1454-43A8-AE66-109C8916E06A}.Release|ARM.ActiveCfg = Release|ARM
		{DB83A69A-1454-43A8-AE66-109C8916E06A}.Release|ARM.Build.0 = Release|ARM
		{DB83A69A-1454-43A8-AE66-109C8916E06A}.Release|Mixed Platforms.ActiveCfg = Release|ARM
		{DB83A69A-1454-43A8-AE66-109C8916E06A}.Release|Mixed Platforms.Build.0 = Release|ARM
		{DB83A69A-1454-43A8-AE66-109C8916E06A}.Release|x86.ActiveCfg = Release|x86
		{DB83A69A-1454-43A8-AE66-109C8916E06A}.Release|x86.Build.0 = Release|x86
		{4537023C-8102-4A8D-9DE6-A5636936E6B1}.Debug|Any CPU.ActiveCfg = Debug|Any CPU
		{4537023C-8102-4A8D-9DE6-A5636936E6B1}.Debug|Any CPU.Build.0 = Debug|Any CPU
		{4537023C-8102-4A8D-9DE6-A5636936E6B1}.Debug|ARM.ActiveCfg = Debug|Any CPU
		{4537023C-8102-4A8D-9DE6-A5636936E6B1}.Debug|Mixed Platforms.ActiveCfg = Debug|Any CPU
		{4537023C-8102-4A8D-9DE6-A5636936E6B1}.Debug|Mixed Platforms.Build.0 = Debug|Any CPU
		{4537023C-8102-4A8D-9DE6-A5636936E6B1}.Debug|x86.ActiveCfg = Debug|Any CPU
		{4537023C-8102-4A8D-9DE6-A5636936E6B1}.Release|Any CPU.ActiveCfg = Release|Any CPU
		{4537023C-8102-4A8D-9DE6-A5636936E6B1}.Release|Any CPU.Build.0 = Release|Any CPU
		{4537023C-8102-4A8D-9DE6-A5636936E6B1}.Release|ARM.ActiveCfg = Release|Any CPU
		{4537023C-8102-4A8D-9DE6-A5636936E6B1}.Release|Mixed Platforms.ActiveCfg = Release|Any CPU
		{4537023C-8102-4A8D-9DE6-A5636936E6B1}.Release|Mixed Platforms.Build.0 = Release|Any CPU
		{4537023C-8102-4A8D-9DE6-A5636936E6B1}.Release|x86.ActiveCfg = Release|Any CPU
		{DCE2BA86-45BD-4C19-B054-172E8430B424}.Debug|Any CPU.ActiveCfg = Debug|Any CPU
		{DCE2BA86-45BD-4C19-B054-172E8430B424}.Debug|Any CPU.Build.0 = Debug|Any CPU
		{DCE2BA86-45BD-4C19-B054-172E8430B424}.Debug|ARM.ActiveCfg = Debug|Any CPU
		{DCE2BA86-45BD-4C19-B054-172E8430B424}.Debug|Mixed Platforms.ActiveCfg = Debug|Any CPU
		{DCE2BA86-45BD-4C19-B054-172E8430B424}.Debug|Mixed Platforms.Build.0 = Debug|Any CPU
		{DCE2BA86-45BD-4C19-B054-172E8430B424}.Debug|x86.ActiveCfg = Debug|Any CPU
		{DCE2BA86-45BD-4C19-B054-172E8430B424}.Release|Any CPU.ActiveCfg = Release|Any CPU
		{DCE2BA86-45BD-4C19-B054-172E8430B424}.Release|Any CPU.Build.0 = Release|Any CPU
		{DCE2BA86-45BD-4C19-B054-172E8430B424}.Release|ARM.ActiveCfg = Release|Any CPU
		{DCE2BA86-45BD-4C19-B054-172E8430B424}.Release|Mixed Platforms.ActiveCfg = Release|Any CPU
		{DCE2BA86-45BD-4C19-B054-172E8430B424}.Release|Mixed Platforms.Build.0 = Release|Any CPU
		{DCE2BA86-45BD-4C19-B054-172E8430B424}.Release|x86.ActiveCfg = Release|Any CPU
		{057C9F2A-8F05-4024-A5A4-9FB96D28C6AF}.Debug|Any CPU.ActiveCfg = Debug|x86
		{057C9F2A-8F05-4024-A5A4-9FB96D28C6AF}.Debug|Any CPU.Build.0 = Debug|x86
		{057C9F2A-8F05-4024-A5A4-9FB96D28C6AF}.Debug|ARM.ActiveCfg = Debug|x86
		{057C9F2A-8F05-4024-A5A4-9FB96D28C6AF}.Debug|Mixed Platforms.ActiveCfg = Debug|x86
		{057C9F2A-8F05-4024-A5A4-9FB96D28C6AF}.Debug|Mixed Platforms.Build.0 = Debug|x86
		{057C9F2A-8F05-4024-A5A4-9FB96D28C6AF}.Debug|x86.ActiveCfg = Debug|x86
		{057C9F2A-8F05-4024-A5A4-9FB96D28C6AF}.Debug|x86.Build.0 = Debug|x86
		{057C9F2A-8F05-4024-A5A4-9FB96D28C6AF}.Release|Any CPU.ActiveCfg = Release|x86
		{057C9F2A-8F05-4024-A5A4-9FB96D28C6AF}.Release|ARM.ActiveCfg = Release|x86
		{057C9F2A-8F05-4024-A5A4-9FB96D28C6AF}.Release|Mixed Platforms.ActiveCfg = Release|x86
		{057C9F2A-8F05-4024-A5A4-9FB96D28C6AF}.Release|Mixed Platforms.Build.0 = Release|x86
		{057C9F2A-8F05-4024-A5A4-9FB96D28C6AF}.Release|x86.ActiveCfg = Release|x86
		{057C9F2A-8F05-4024-A5A4-9FB96D28C6AF}.Release|x86.Build.0 = Release|x86
		{EC54149F-6C1A-4017-AE26-F1E75164C46F}.Debug|Any CPU.ActiveCfg = Debug|Any CPU
		{EC54149F-6C1A-4017-AE26-F1E75164C46F}.Debug|Any CPU.Build.0 = Debug|Any CPU
		{EC54149F-6C1A-4017-AE26-F1E75164C46F}.Debug|ARM.ActiveCfg = Debug|Any CPU
		{EC54149F-6C1A-4017-AE26-F1E75164C46F}.Debug|Mixed Platforms.ActiveCfg = Debug|Any CPU
		{EC54149F-6C1A-4017-AE26-F1E75164C46F}.Debug|Mixed Platforms.Build.0 = Debug|Any CPU
		{EC54149F-6C1A-4017-AE26-F1E75164C46F}.Debug|x86.ActiveCfg = Debug|Any CPU
		{EC54149F-6C1A-4017-AE26-F1E75164C46F}.Release|Any CPU.ActiveCfg = Release|Any CPU
		{EC54149F-6C1A-4017-AE26-F1E75164C46F}.Release|Any CPU.Build.0 = Release|Any CPU
		{EC54149F-6C1A-4017-AE26-F1E75164C46F}.Release|ARM.ActiveCfg = Release|Any CPU
		{EC54149F-6C1A-4017-AE26-F1E75164C46F}.Release|Mixed Platforms.ActiveCfg = Release|Any CPU
		{EC54149F-6C1A-4017-AE26-F1E75164C46F}.Release|Mixed Platforms.Build.0 = Release|Any CPU
		{EC54149F-6C1A-4017-AE26-F1E75164C46F}.Release|x86.ActiveCfg = Release|Any CPU
		{6659F566-475B-4327-A10A-149ED59A5CFE}.Debug|Any CPU.ActiveCfg = Debug|Any CPU
		{6659F566-475B-4327-A10A-149ED59A5CFE}.Debug|Any CPU.Build.0 = Debug|Any CPU
		{6659F566-475B-4327-A10A-149ED59A5CFE}.Debug|ARM.ActiveCfg = Debug|Any CPU
		{6659F566-475B-4327-A10A-149ED59A5CFE}.Debug|Mixed Platforms.ActiveCfg = Debug|Any CPU
		{6659F566-475B-4327-A10A-149ED59A5CFE}.Debug|Mixed Platforms.Build.0 = Debug|Any CPU
		{6659F566-475B-4327-A10A-149ED59A5CFE}.Debug|x86.ActiveCfg = Debug|Any CPU
		{6659F566-475B-4327-A10A-149ED59A5CFE}.Release|Any CPU.ActiveCfg = Release|Any CPU
		{6659F566-475B-4327-A10A-149ED59A5CFE}.Release|Any CPU.Build.0 = Release|Any CPU
		{6659F566-475B-4327-A10A-149ED59A5CFE}.Release|ARM.ActiveCfg = Release|Any CPU
		{6659F566-475B-4327-A10A-149ED59A5CFE}.Release|Mixed Platforms.ActiveCfg = Release|Any CPU
		{6659F566-475B-4327-A10A-149ED59A5CFE}.Release|Mixed Platforms.Build.0 = Release|Any CPU
		{6659F566-475B-4327-A10A-149ED59A5CFE}.Release|x86.ActiveCfg = Release|Any CPU
		{9A68EFD0-24A4-4DF3-86DE-EE35F9E2F778}.Debug|Any CPU.ActiveCfg = Debug|Any CPU
		{9A68EFD0-24A4-4DF3-86DE-EE35F9E2F778}.Debug|Any CPU.Build.0 = Debug|Any CPU
		{9A68EFD0-24A4-4DF3-86DE-EE35F9E2F778}.Debug|ARM.ActiveCfg = Debug|Any CPU
		{9A68EFD0-24A4-4DF3-86DE-EE35F9E2F778}.Debug|Mixed Platforms.ActiveCfg = Debug|Any CPU
		{9A68EFD0-24A4-4DF3-86DE-EE35F9E2F778}.Debug|Mixed Platforms.Build.0 = Debug|Any CPU
		{9A68EFD0-24A4-4DF3-86DE-EE35F9E2F778}.Debug|x86.ActiveCfg = Debug|Any CPU
		{9A68EFD0-24A4-4DF3-86DE-EE35F9E2F778}.Release|Any CPU.ActiveCfg = Release|Any CPU
		{9A68EFD0-24A4-4DF3-86DE-EE35F9E2F778}.Release|Any CPU.Build.0 = Release|Any CPU
		{9A68EFD0-24A4-4DF3-86DE-EE35F9E2F778}.Release|ARM.ActiveCfg = Release|Any CPU
		{9A68EFD0-24A4-4DF3-86DE-EE35F9E2F778}.Release|Mixed Platforms.ActiveCfg = Release|Any CPU
		{9A68EFD0-24A4-4DF3-86DE-EE35F9E2F778}.Release|Mixed Platforms.Build.0 = Release|Any CPU
		{9A68EFD0-24A4-4DF3-86DE-EE35F9E2F778}.Release|x86.ActiveCfg = Release|Any CPU
		{8DBA4513-68B1-4AB9-A444-CFE81A3FF343}.Debug|Any CPU.ActiveCfg = Debug|Any CPU
		{8DBA4513-68B1-4AB9-A444-CFE81A3FF343}.Debug|Any CPU.Build.0 = Debug|Any CPU
		{8DBA4513-68B1-4AB9-A444-CFE81A3FF343}.Debug|ARM.ActiveCfg = Debug|Any CPU
		{8DBA4513-68B1-4AB9-A444-CFE81A3FF343}.Debug|Mixed Platforms.ActiveCfg = Debug|Any CPU
		{8DBA4513-68B1-4AB9-A444-CFE81A3FF343}.Debug|Mixed Platforms.Build.0 = Debug|Any CPU
		{8DBA4513-68B1-4AB9-A444-CFE81A3FF343}.Debug|x86.ActiveCfg = Debug|Any CPU
		{8DBA4513-68B1-4AB9-A444-CFE81A3FF343}.Release|Any CPU.ActiveCfg = Release|Any CPU
		{8DBA4513-68B1-4AB9-A444-CFE81A3FF343}.Release|Any CPU.Build.0 = Release|Any CPU
		{8DBA4513-68B1-4AB9-A444-CFE81A3FF343}.Release|ARM.ActiveCfg = Release|Any CPU
		{8DBA4513-68B1-4AB9-A444-CFE81A3FF343}.Release|Mixed Platforms.ActiveCfg = Release|Any CPU
		{8DBA4513-68B1-4AB9-A444-CFE81A3FF343}.Release|Mixed Platforms.Build.0 = Release|Any CPU
		{8DBA4513-68B1-4AB9-A444-CFE81A3FF343}.Release|x86.ActiveCfg = Release|Any CPU
		{497D9949-4F94-4806-9182-63D516CFB79C}.Debug|Any CPU.ActiveCfg = Debug|Any CPU
		{497D9949-4F94-4806-9182-63D516CFB79C}.Debug|Any CPU.Build.0 = Debug|Any CPU
		{497D9949-4F94-4806-9182-63D516CFB79C}.Debug|ARM.ActiveCfg = Debug|Any CPU
		{497D9949-4F94-4806-9182-63D516CFB79C}.Debug|Mixed Platforms.ActiveCfg = Debug|Any CPU
		{497D9949-4F94-4806-9182-63D516CFB79C}.Debug|Mixed Platforms.Build.0 = Debug|Any CPU
		{497D9949-4F94-4806-9182-63D516CFB79C}.Debug|x86.ActiveCfg = Debug|Any CPU
		{497D9949-4F94-4806-9182-63D516CFB79C}.Release|Any CPU.ActiveCfg = Release|Any CPU
		{497D9949-4F94-4806-9182-63D516CFB79C}.Release|Any CPU.Build.0 = Release|Any CPU
		{497D9949-4F94-4806-9182-63D516CFB79C}.Release|ARM.ActiveCfg = Release|Any CPU
		{497D9949-4F94-4806-9182-63D516CFB79C}.Release|Mixed Platforms.ActiveCfg = Release|Any CPU
		{497D9949-4F94-4806-9182-63D516CFB79C}.Release|Mixed Platforms.Build.0 = Release|Any CPU
		{497D9949-4F94-4806-9182-63D516CFB79C}.Release|x86.ActiveCfg = Release|Any CPU
		{D2845C2A-1DF8-4C6B-86C0-8BF9FB76718F}.Debug|Any CPU.ActiveCfg = Debug|Any CPU
		{D2845C2A-1DF8-4C6B-86C0-8BF9FB76718F}.Debug|Any CPU.Build.0 = Debug|Any CPU
		{D2845C2A-1DF8-4C6B-86C0-8BF9FB76718F}.Debug|Any CPU.Deploy.0 = Debug|Any CPU
		{D2845C2A-1DF8-4C6B-86C0-8BF9FB76718F}.Debug|ARM.ActiveCfg = Debug|Any CPU
		{D2845C2A-1DF8-4C6B-86C0-8BF9FB76718F}.Debug|Mixed Platforms.ActiveCfg = Debug|Any CPU
		{D2845C2A-1DF8-4C6B-86C0-8BF9FB76718F}.Debug|x86.ActiveCfg = Debug|Any CPU
		{D2845C2A-1DF8-4C6B-86C0-8BF9FB76718F}.Release|Any CPU.ActiveCfg = Release|Any CPU
		{D2845C2A-1DF8-4C6B-86C0-8BF9FB76718F}.Release|Any CPU.Build.0 = Release|Any CPU
		{D2845C2A-1DF8-4C6B-86C0-8BF9FB76718F}.Release|Any CPU.Deploy.0 = Release|Any CPU
		{D2845C2A-1DF8-4C6B-86C0-8BF9FB76718F}.Release|ARM.ActiveCfg = Release|Any CPU
		{D2845C2A-1DF8-4C6B-86C0-8BF9FB76718F}.Release|Mixed Platforms.ActiveCfg = Release|Any CPU
		{D2845C2A-1DF8-4C6B-86C0-8BF9FB76718F}.Release|Mixed Platforms.Build.0 = Release|Any CPU
		{D2845C2A-1DF8-4C6B-86C0-8BF9FB76718F}.Release|Mixed Platforms.Deploy.0 = Release|Any CPU
		{D2845C2A-1DF8-4C6B-86C0-8BF9FB76718F}.Release|x86.ActiveCfg = Release|Any CPU
		{BDE923F4-D3F3-4092-ADC9-6FB0D16FB9A8}.Debug|Any CPU.ActiveCfg = Debug|Any CPU
		{BDE923F4-D3F3-4092-ADC9-6FB0D16FB9A8}.Debug|Any CPU.Build.0 = Debug|Any CPU
		{BDE923F4-D3F3-4092-ADC9-6FB0D16FB9A8}.Debug|ARM.ActiveCfg = Debug|Any CPU
		{BDE923F4-D3F3-4092-ADC9-6FB0D16FB9A8}.Debug|Mixed Platforms.ActiveCfg = Debug|Any CPU
		{BDE923F4-D3F3-4092-ADC9-6FB0D16FB9A8}.Debug|Mixed Platforms.Build.0 = Debug|Any CPU
		{BDE923F4-D3F3-4092-ADC9-6FB0D16FB9A8}.Debug|x86.ActiveCfg = Debug|Any CPU
		{BDE923F4-D3F3-4092-ADC9-6FB0D16FB9A8}.Release|Any CPU.ActiveCfg = Release|Any CPU
		{BDE923F4-D3F3-4092-ADC9-6FB0D16FB9A8}.Release|Any CPU.Build.0 = Release|Any CPU
		{BDE923F4-D3F3-4092-ADC9-6FB0D16FB9A8}.Release|ARM.ActiveCfg = Release|Any CPU
		{BDE923F4-D3F3-4092-ADC9-6FB0D16FB9A8}.Release|Mixed Platforms.ActiveCfg = Release|Any CPU
		{BDE923F4-D3F3-4092-ADC9-6FB0D16FB9A8}.Release|Mixed Platforms.Build.0 = Release|Any CPU
		{BDE923F4-D3F3-4092-ADC9-6FB0D16FB9A8}.Release|x86.ActiveCfg = Release|Any CPU
		{6796EE4B-5FA7-41C2-9DD3-AA3EEAF33DA3}.Debug|Any CPU.ActiveCfg = Debug|Any CPU
		{6796EE4B-5FA7-41C2-9DD3-AA3EEAF33DA3}.Debug|Any CPU.Build.0 = Debug|Any CPU
		{6796EE4B-5FA7-41C2-9DD3-AA3EEAF33DA3}.Debug|Any CPU.Deploy.0 = Debug|Any CPU
		{6796EE4B-5FA7-41C2-9DD3-AA3EEAF33DA3}.Debug|ARM.ActiveCfg = Debug|Any CPU
		{6796EE4B-5FA7-41C2-9DD3-AA3EEAF33DA3}.Debug|Mixed Platforms.ActiveCfg = Debug|Any CPU
		{6796EE4B-5FA7-41C2-9DD3-AA3EEAF33DA3}.Debug|Mixed Platforms.Build.0 = Debug|Any CPU
		{6796EE4B-5FA7-41C2-9DD3-AA3EEAF33DA3}.Debug|Mixed Platforms.Deploy.0 = Debug|Any CPU
		{6796EE4B-5FA7-41C2-9DD3-AA3EEAF33DA3}.Debug|x86.ActiveCfg = Debug|Any CPU
		{6796EE4B-5FA7-41C2-9DD3-AA3EEAF33DA3}.Release|Any CPU.ActiveCfg = Release|Any CPU
		{6796EE4B-5FA7-41C2-9DD3-AA3EEAF33DA3}.Release|Any CPU.Build.0 = Release|Any CPU
		{6796EE4B-5FA7-41C2-9DD3-AA3EEAF33DA3}.Release|Any CPU.Deploy.0 = Release|Any CPU
		{6796EE4B-5FA7-41C2-9DD3-AA3EEAF33DA3}.Release|ARM.ActiveCfg = Release|Any CPU
		{6796EE4B-5FA7-41C2-9DD3-AA3EEAF33DA3}.Release|Mixed Platforms.ActiveCfg = Release|Any CPU
		{6796EE4B-5FA7-41C2-9DD3-AA3EEAF33DA3}.Release|Mixed Platforms.Build.0 = Release|Any CPU
		{6796EE4B-5FA7-41C2-9DD3-AA3EEAF33DA3}.Release|Mixed Platforms.Deploy.0 = Release|Any CPU
		{6796EE4B-5FA7-41C2-9DD3-AA3EEAF33DA3}.Release|x86.ActiveCfg = Release|Any CPU
		{B2600067-910B-452A-B09B-06284A77E088}.Debug|Any CPU.ActiveCfg = Debug|Any CPU
		{B2600067-910B-452A-B09B-06284A77E088}.Debug|Any CPU.Build.0 = Debug|Any CPU
		{B2600067-910B-452A-B09B-06284A77E088}.Debug|Any CPU.Deploy.0 = Debug|Any CPU
		{B2600067-910B-452A-B09B-06284A77E088}.Debug|ARM.ActiveCfg = Debug|Any CPU
		{B2600067-910B-452A-B09B-06284A77E088}.Debug|Mixed Platforms.ActiveCfg = Debug|Any CPU
		{B2600067-910B-452A-B09B-06284A77E088}.Debug|Mixed Platforms.Build.0 = Debug|Any CPU
		{B2600067-910B-452A-B09B-06284A77E088}.Debug|Mixed Platforms.Deploy.0 = Debug|Any CPU
		{B2600067-910B-452A-B09B-06284A77E088}.Debug|x86.ActiveCfg = Debug|Any CPU
		{B2600067-910B-452A-B09B-06284A77E088}.Release|Any CPU.ActiveCfg = Release|Any CPU
		{B2600067-910B-452A-B09B-06284A77E088}.Release|Any CPU.Build.0 = Release|Any CPU
		{B2600067-910B-452A-B09B-06284A77E088}.Release|Any CPU.Deploy.0 = Release|Any CPU
		{B2600067-910B-452A-B09B-06284A77E088}.Release|ARM.ActiveCfg = Release|Any CPU
		{B2600067-910B-452A-B09B-06284A77E088}.Release|Mixed Platforms.ActiveCfg = Release|Any CPU
		{B2600067-910B-452A-B09B-06284A77E088}.Release|Mixed Platforms.Build.0 = Release|Any CPU
		{B2600067-910B-452A-B09B-06284A77E088}.Release|Mixed Platforms.Deploy.0 = Release|Any CPU
		{B2600067-910B-452A-B09B-06284A77E088}.Release|x86.ActiveCfg = Release|Any CPU
		{0A2596F0-A1B0-4B8C-892F-ACE22298EEF7}.Debug|Any CPU.ActiveCfg = Debug|Any CPU
		{0A2596F0-A1B0-4B8C-892F-ACE22298EEF7}.Debug|Any CPU.Build.0 = Debug|Any CPU
		{0A2596F0-A1B0-4B8C-892F-ACE22298EEF7}.Debug|ARM.ActiveCfg = Debug|Any CPU
		{0A2596F0-A1B0-4B8C-892F-ACE22298EEF7}.Debug|Mixed Platforms.ActiveCfg = Debug|Any CPU
		{0A2596F0-A1B0-4B8C-892F-ACE22298EEF7}.Debug|x86.ActiveCfg = Debug|Any CPU
		{0A2596F0-A1B0-4B8C-892F-ACE22298EEF7}.Release|Any CPU.ActiveCfg = Release|Any CPU
		{0A2596F0-A1B0-4B8C-892F-ACE22298EEF7}.Release|Any CPU.Build.0 = Release|Any CPU
		{0A2596F0-A1B0-4B8C-892F-ACE22298EEF7}.Release|ARM.ActiveCfg = Release|Any CPU
		{0A2596F0-A1B0-4B8C-892F-ACE22298EEF7}.Release|Mixed Platforms.ActiveCfg = Release|Any CPU
		{0A2596F0-A1B0-4B8C-892F-ACE22298EEF7}.Release|x86.ActiveCfg = Release|Any CPU
		{E1917F46-584A-4BFC-AC94-97B88EECD4FD}.Debug|Any CPU.ActiveCfg = Debug|Any CPU
		{E1917F46-584A-4BFC-AC94-97B88EECD4FD}.Debug|Any CPU.Build.0 = Debug|Any CPU
		{E1917F46-584A-4BFC-AC94-97B88EECD4FD}.Debug|ARM.ActiveCfg = Debug|Any CPU
		{E1917F46-584A-4BFC-AC94-97B88EECD4FD}.Debug|Mixed Platforms.ActiveCfg = Debug|Any CPU
		{E1917F46-584A-4BFC-AC94-97B88EECD4FD}.Debug|Mixed Platforms.Build.0 = Debug|Any CPU
		{E1917F46-584A-4BFC-AC94-97B88EECD4FD}.Debug|x86.ActiveCfg = Debug|Any CPU
		{E1917F46-584A-4BFC-AC94-97B88EECD4FD}.Release|Any CPU.ActiveCfg = Release|Any CPU
		{E1917F46-584A-4BFC-AC94-97B88EECD4FD}.Release|Any CPU.Build.0 = Release|Any CPU
		{E1917F46-584A-4BFC-AC94-97B88EECD4FD}.Release|ARM.ActiveCfg = Release|Any CPU
		{E1917F46-584A-4BFC-AC94-97B88EECD4FD}.Release|Mixed Platforms.ActiveCfg = Release|Any CPU
		{E1917F46-584A-4BFC-AC94-97B88EECD4FD}.Release|Mixed Platforms.Build.0 = Release|Any CPU
		{E1917F46-584A-4BFC-AC94-97B88EECD4FD}.Release|x86.ActiveCfg = Release|Any CPU
		{D6949075-0DE7-4ADB-8968-C52A16AF3325}.Debug|Any CPU.ActiveCfg = Debug|Any CPU
		{D6949075-0DE7-4ADB-8968-C52A16AF3325}.Debug|Any CPU.Build.0 = Debug|Any CPU
		{D6949075-0DE7-4ADB-8968-C52A16AF3325}.Debug|ARM.ActiveCfg = Debug|Any CPU
		{D6949075-0DE7-4ADB-8968-C52A16AF3325}.Debug|Mixed Platforms.ActiveCfg = Debug|Any CPU
		{D6949075-0DE7-4ADB-8968-C52A16AF3325}.Debug|Mixed Platforms.Build.0 = Debug|Any CPU
		{D6949075-0DE7-4ADB-8968-C52A16AF3325}.Debug|x86.ActiveCfg = Debug|Any CPU
		{D6949075-0DE7-4ADB-8968-C52A16AF3325}.Release|Any CPU.ActiveCfg = Release|Any CPU
		{D6949075-0DE7-4ADB-8968-C52A16AF3325}.Release|Any CPU.Build.0 = Release|Any CPU
		{D6949075-0DE7-4ADB-8968-C52A16AF3325}.Release|ARM.ActiveCfg = Release|Any CPU
		{D6949075-0DE7-4ADB-8968-C52A16AF3325}.Release|Mixed Platforms.ActiveCfg = Release|Any CPU
		{D6949075-0DE7-4ADB-8968-C52A16AF3325}.Release|Mixed Platforms.Build.0 = Release|Any CPU
		{D6949075-0DE7-4ADB-8968-C52A16AF3325}.Release|x86.ActiveCfg = Release|Any CPU
		{058D9126-C9C7-4CB2-B38A-5849F7BFC32D}.Debug|Any CPU.ActiveCfg = Debug|Any CPU
		{058D9126-C9C7-4CB2-B38A-5849F7BFC32D}.Debug|Any CPU.Build.0 = Debug|Any CPU
		{058D9126-C9C7-4CB2-B38A-5849F7BFC32D}.Debug|ARM.ActiveCfg = Debug|Any CPU
		{058D9126-C9C7-4CB2-B38A-5849F7BFC32D}.Debug|Mixed Platforms.ActiveCfg = Debug|Any CPU
		{058D9126-C9C7-4CB2-B38A-5849F7BFC32D}.Debug|Mixed Platforms.Build.0 = Debug|Any CPU
		{058D9126-C9C7-4CB2-B38A-5849F7BFC32D}.Debug|x86.ActiveCfg = Debug|Any CPU
		{058D9126-C9C7-4CB2-B38A-5849F7BFC32D}.Release|Any CPU.ActiveCfg = Release|Any CPU
		{058D9126-C9C7-4CB2-B38A-5849F7BFC32D}.Release|Any CPU.Build.0 = Release|Any CPU
		{058D9126-C9C7-4CB2-B38A-5849F7BFC32D}.Release|ARM.ActiveCfg = Release|Any CPU
		{058D9126-C9C7-4CB2-B38A-5849F7BFC32D}.Release|Mixed Platforms.ActiveCfg = Release|Any CPU
		{058D9126-C9C7-4CB2-B38A-5849F7BFC32D}.Release|Mixed Platforms.Build.0 = Release|Any CPU
		{058D9126-C9C7-4CB2-B38A-5849F7BFC32D}.Release|x86.ActiveCfg = Release|Any CPU
		{AC8292CC-9B85-4C5B-B7DE-CC6B77A6EC8D}.Debug|Any CPU.ActiveCfg = Debug|Any CPU
		{AC8292CC-9B85-4C5B-B7DE-CC6B77A6EC8D}.Debug|Any CPU.Build.0 = Debug|Any CPU
		{AC8292CC-9B85-4C5B-B7DE-CC6B77A6EC8D}.Debug|ARM.ActiveCfg = Debug|Any CPU
		{AC8292CC-9B85-4C5B-B7DE-CC6B77A6EC8D}.Debug|Mixed Platforms.ActiveCfg = Debug|Any CPU
		{AC8292CC-9B85-4C5B-B7DE-CC6B77A6EC8D}.Debug|Mixed Platforms.Build.0 = Debug|Any CPU
		{AC8292CC-9B85-4C5B-B7DE-CC6B77A6EC8D}.Debug|x86.ActiveCfg = Debug|Any CPU
		{AC8292CC-9B85-4C5B-B7DE-CC6B77A6EC8D}.Release|Any CPU.ActiveCfg = Release|Any CPU
		{AC8292CC-9B85-4C5B-B7DE-CC6B77A6EC8D}.Release|Any CPU.Build.0 = Release|Any CPU
		{AC8292CC-9B85-4C5B-B7DE-CC6B77A6EC8D}.Release|ARM.ActiveCfg = Release|Any CPU
		{AC8292CC-9B85-4C5B-B7DE-CC6B77A6EC8D}.Release|Mixed Platforms.ActiveCfg = Release|Any CPU
		{AC8292CC-9B85-4C5B-B7DE-CC6B77A6EC8D}.Release|Mixed Platforms.Build.0 = Release|Any CPU
		{AC8292CC-9B85-4C5B-B7DE-CC6B77A6EC8D}.Release|x86.ActiveCfg = Release|Any CPU
	EndGlobalSection
	GlobalSection(SolutionProperties) = preSolution
		HideSolutionNode = FALSE
	EndGlobalSection
	GlobalSection(MonoDevelopProperties) = preSolution
		Policies = $0
		$0.DotNetNamingPolicy = $1
		$1.DirectoryNamespaceAssociation = None
		$1.ResourceNamePolicy = FileFormatDefault
		$0.VersionControlPolicy = $2
		$2.inheritsSet = Mono
	EndGlobalSection
EndGlobal
